{
  "nodes": {
    "nixpkgs": {
      "locked": {
        "lastModified": 1739736696,
        "narHash": "sha256-zON2GNBkzsIyALlOCFiEBcIjI4w38GYOb+P+R4S8Jsw=",
        "owner": "nixos",
        "repo": "nixpkgs",
        "rev": "d74a2335ac9c133d6bbec9fc98d91a77f1604c1f",
        "type": "github"
      },
      "original": {
        "owner": "nixos",
        "ref": "nixos-unstable",
        "repo": "nixpkgs",
        "type": "github"
      }
    },
    "root": {
      "inputs": {
        "nixpkgs": "nixpkgs",
        "src": "src"
      }
    },
    "src": {
      "flake": false,
      "locked": {
        "lastModified": 1739875898,
        "narHash": "sha256-S3D15fnmqsm1V5/rsoYM0Z5motjzoDHoX21xI7sOKgU=",
        "owner": "aquanovae",
        "repo": "daily-playlist",
        "rev": "ca91ddf6cdbcf7e6caca40a1be50c27c17d5e3aa",
        "type": "github"
      },
      "original": {
        "owner": "aquanovae",
        "repo": "daily-playlist",
        "type": "github"
      }
    }
  },
  "root": "root",
  "version": 7
}
