{
  "nodes": {
    "nixpkgs": {
      "locked": {
        "lastModified": 1739866667,
        "narHash": "sha256-EO1ygNKZlsAC9avfcwHkKGMsmipUk1Uc0TbrEZpkn64=",
        "owner": "nixos",
        "repo": "nixpkgs",
        "rev": "73cf49b8ad837ade2de76f87eb53fc85ed5d4680",
        "type": "github"
      },
      "original": {
        "owner": "nixos",
        "ref": "nixos-unstable",
        "repo": "nixpkgs",
        "type": "github"
      }
    },
    "root": {
      "inputs": {
        "nixpkgs": "nixpkgs",
        "src": "src"
      }
    },
    "src": {
      "flake": false,
      "locked": {
        "lastModified": 1739879577,
        "narHash": "sha256-M7Cw/GV1Bu2xTa1h84q8DPl4TnkILYEx57OpL1KRnMU=",
        "owner": "aquanovae",
        "repo": "daily-playlist",
        "rev": "82aacfc3f6e3859f3f72658e958c2b3f2ebaf7ad",
        "type": "github"
      },
      "original": {
        "owner": "aquanovae",
        "repo": "daily-playlist",
        "type": "github"
      }
    }
  },
  "root": "root",
  "version": 7
}
