{
  "nodes": {
    "nixpkgs": {
      "locked": {
        "lastModified": 1739580444,
        "narHash": "sha256-+/bSz4EAVbqz8/HsIGLroF8aNaO8bLRL7WfACN+24g4=",
        "owner": "nixos",
        "repo": "nixpkgs",
        "rev": "8bb37161a0488b89830168b81c48aed11569cb93",
        "type": "github"
      },
      "original": {
        "owner": "nixos",
        "ref": "nixos-unstable",
        "repo": "nixpkgs",
        "type": "github"
      }
    },
    "root": {
      "inputs": {
        "nixpkgs": "nixpkgs",
        "src": "src"
      }
    },
    "src": {
      "flake": false,
      "locked": {
        "lastModified": 1739739049,
        "narHash": "sha256-/rt0K+6tlRvwxwuXPIhYJHp8s6YJ7GjFrNoE+2evfRI=",
        "owner": "aquanovae",
        "repo": "daily-playlist",
        "rev": "1b9b31f1e793dad73b8a279a6c3e825a9e85e792",
        "type": "github"
      },
      "original": {
        "owner": "aquanovae",
        "repo": "daily-playlist",
        "type": "github"
      }
    }
  },
  "root": "root",
  "version": 7
}
